// !$*UTF8*$!
{
	archiveVersion = 1;
	classes = {
	};
	objectVersion = 56;
	objects = {

/* Begin PBXBuildFile section */
		85FCB1422B0F81DC0058B243 /* a.txt in CopyFiles */ = {isa = PBXBuildFile; fileRef = 85FCB13B2B0F80B00058B243 /* a.txt */; };
		85FCB1432B0F81E00058B243 /* b.txt in CopyFiles */ = {isa = PBXBuildFile; fileRef = 85FCB13C2B0F80BA0058B243 /* b.txt */; };
		85FCB1442B0F81E80058B243 /* c.txt in CopyFiles */ = {isa = PBXBuildFile; fileRef = 85FCB13D2B0F80C10058B243 /* c.txt */; };
		85FCB1452B0F81ED0058B243 /* d.txt in CopyFiles */ = {isa = PBXBuildFile; fileRef = 85FCB13E2B0F80D30058B243 /* d.txt */; };
		85FCB1462B0F81F40058B243 /* e.txt in CopyFiles */ = {isa = PBXBuildFile; fileRef = 85FCB13F2B0F80DA0058B243 /* e.txt */; };
		85FCB1472B0F81F80058B243 /* f.txt in CopyFiles */ = {isa = PBXBuildFile; fileRef = 85FCB1402B0F80E70058B243 /* f.txt */; };
		85FCB1892B18EEFF0058B243 /* korhanerdogdu_erdogdu_korhan_hw2.cpp in Sources */ = {isa = PBXBuildFile; fileRef = 8554AF8D2AFEB5B0006CAD38 /* korhanerdogdu_erdogdu_korhan_hw2.cpp */; };
/* End PBXBuildFile section */

/* Begin PBXCopyFilesBuildPhase section */
		8554AF882AFEB5B0006CAD38 /* CopyFiles */ = {
			isa = PBXCopyFilesBuildPhase;
			buildActionMask = 2147483647;
			dstPath = /usr/share/man/man1/;
			dstSubfolderSpec = 0;
			files = (
			);
			runOnlyForDeploymentPostprocessing = 1;
		};
		85FCB1412B0F81B40058B243 /* CopyFiles */ = {
			isa = PBXCopyFilesBuildPhase;
			buildActionMask = 2147483647;
			dstPath = "";
			dstSubfolderSpec = 16;
			files = (
				85FCB1472B0F81F80058B243 /* f.txt in CopyFiles */,
				85FCB1462B0F81F40058B243 /* e.txt in CopyFiles */,
				85FCB1452B0F81ED0058B243 /* d.txt in CopyFiles */,
				85FCB1442B0F81E80058B243 /* c.txt in CopyFiles */,
				85FCB1432B0F81E00058B243 /* b.txt in CopyFiles */,
				85FCB1422B0F81DC0058B243 /* a.txt in CopyFiles */,
			);
			runOnlyForDeploymentPostprocessing = 0;
		};
/* End PBXCopyFilesBuildPhase section */

/* Begin PBXFileReference section */
		8554AF8A2AFEB5B0006CAD38 /* CS 300 THE2 */ = {isa = PBXFileReference; explicitFileType = "compiled.mach-o.executable"; includeInIndex = 0; path = "CS 300 THE2"; sourceTree = BUILT_PRODUCTS_DIR; };
		8554AF8D2AFEB5B0006CAD38 /* korhanerdogdu_erdogdu_korhan_hw2.cpp */ = {isa = PBXFileReference; lastKnownFileType = sourcecode.cpp.cpp; path = korhanerdogdu_erdogdu_korhan_hw2.cpp; sourceTree = "<group>"; };
		85FCB1392B0F80090058B243 /* AVLSEARCHTREE.h */ = {isa = PBXFileReference; explicitFileType = sourcecode.cpp.h; path = AVLSEARCHTREE.h; sourceTree = "<group>"; };
		85FCB13B2B0F80B00058B243 /* a.txt */ = {isa = PBXFileReference; lastKnownFileType = text; path = a.txt; sourceTree = "<group>"; };
		85FCB13C2B0F80BA0058B243 /* b.txt */ = {isa = PBXFileReference; lastKnownFileType = text; path = b.txt; sourceTree = "<group>"; };
		85FCB13D2B0F80C10058B243 /* c.txt */ = {isa = PBXFileReference; lastKnownFileType = text; path = c.txt; sourceTree = "<group>"; };
		85FCB13E2B0F80D30058B243 /* d.txt */ = {isa = PBXFileReference; lastKnownFileType = text; path = d.txt; sourceTree = "<group>"; };
		85FCB13F2B0F80DA0058B243 /* e.txt */ = {isa = PBXFileReference; lastKnownFileType = text; path = e.txt; sourceTree = "<group>"; };
		85FCB1402B0F80E70058B243 /* f.txt */ = {isa = PBXFileReference; lastKnownFileType = text; path = f.txt; sourceTree = "<group>"; };
		85FCB1482B0F9A010058B243 /* yeni.cpp */ = {isa = PBXFileReference; lastKnownFileType = sourcecode.cpp.cpp; path = yeni.cpp; sourceTree = "<group>"; };
		85FCB14C2B0FF4060058B243 /* deneme.cpp */ = {isa = PBXFileReference; lastKnownFileType = sourcecode.cpp.cpp; path = deneme.cpp; sourceTree = "<group>"; };
		85FCB1522B10D6840058B243 /* copy.cpp */ = {isa = PBXFileReference; lastKnownFileType = sourcecode.cpp.cpp; path = copy.cpp; sourceTree = "<group>"; };
		85FCB1592B10F52D0058B243 /* coppyyyy.cpp */ = {isa = PBXFileReference; lastKnownFileType = sourcecode.cpp.cpp; path = coppyyyy.cpp; sourceTree = "<group>"; };
		85FCB15C2B10FE170058B243 /* occurence2.cpp */ = {isa = PBXFileReference; lastKnownFileType = sourcecode.cpp.cpp; path = occurence2.cpp; sourceTree = "<group>"; };
/* End PBXFileReference section */

/* Begin PBXFrameworksBuildPhase section */
		8554AF872AFEB5B0006CAD38 /* Frameworks */ = {
			isa = PBXFrameworksBuildPhase;
			buildActionMask = 2147483647;
			files = (
			);
			runOnlyForDeploymentPostprocessing = 0;
		};
/* End PBXFrameworksBuildPhase section */

/* Begin PBXGroup section */
		8554AF812AFEB5B0006CAD38 = {
			isa = PBXGroup;
			children = (
				85FCB1392B0F80090058B243 /* AVLSEARCHTREE.h */,
				8554AF8C2AFEB5B0006CAD38 /* CS 300 THE2 */,
				8554AF8B2AFEB5B0006CAD38 /* Products */,
			);
			sourceTree = "<group>";
		};
		8554AF8B2AFEB5B0006CAD38 /* Products */ = {
			isa = PBXGroup;
			children = (
				8554AF8A2AFEB5B0006CAD38 /* CS 300 THE2 */,
			);
			name = Products;
			sourceTree = "<group>";
		};
		8554AF8C2AFEB5B0006CAD38 /* CS 300 THE2 */ = {
			isa = PBXGroup;
			children = (
				85FCB14C2B0FF4060058B243 /* deneme.cpp */,
				8554AF8D2AFEB5B0006CAD38 /* korhanerdogdu_erdogdu_korhan_hw2.cpp */,
				85FCB1522B10D6840058B243 /* copy.cpp */,
				85FCB15C2B10FE170058B243 /* occurence2.cpp */,
				85FCB1482B0F9A010058B243 /* yeni.cpp */,
				85FCB13B2B0F80B00058B243 /* a.txt */,
				85FCB13C2B0F80BA0058B243 /* b.txt */,
				85FCB13D2B0F80C10058B243 /* c.txt */,
				85FCB13E2B0F80D30058B243 /* d.txt */,
				85FCB13F2B0F80DA0058B243 /* e.txt */,
				85FCB1402B0F80E70058B243 /* f.txt */,
				85FCB1592B10F52D0058B243 /* coppyyyy.cpp */,
			);
			path = "CS 300 THE2";
			sourceTree = "<group>";
		};
/* End PBXGroup section */

/* Begin PBXNativeTarget section */
		8554AF892AFEB5B0006CAD38 /* CS 300 THE2 */ = {
			isa = PBXNativeTarget;
			buildConfigurationList = 8554AF912AFEB5B0006CAD38 /* Build configuration list for PBXNativeTarget "CS 300 THE2" */;
			buildPhases = (
				8554AF862AFEB5B0006CAD38 /* Sources */,
				8554AF872AFEB5B0006CAD38 /* Frameworks */,
				8554AF882AFEB5B0006CAD38 /* CopyFiles */,
				85FCB1412B0F81B40058B243 /* CopyFiles */,
			);
			buildRules = (
			);
			dependencies = (
			);
			name = "CS 300 THE2";
			productName = "CS 300 THE2";
			productReference = 8554AF8A2AFEB5B0006CAD38 /* CS 300 THE2 */;
			productType = "com.apple.product-type.tool";
		};
/* End PBXNativeTarget section */

/* Begin PBXProject section */
		8554AF822AFEB5B0006CAD38 /* Project object */ = {
			isa = PBXProject;
			attributes = {
				BuildIndependentTargetsInParallel = 1;
				LastUpgradeCheck = 1420;
				TargetAttributes = {
					8554AF892AFEB5B0006CAD38 = {
						CreatedOnToolsVersion = 14.2;
					};
				};
			};
			buildConfigurationList = 8554AF852AFEB5B0006CAD38 /* Build configuration list for PBXProject "CS 300 THE2" */;
			compatibilityVersion = "Xcode 14.0";
			developmentRegion = en;
			hasScannedForEncodings = 0;
			knownRegions = (
				en,
				Base,
			);
			mainGroup = 8554AF812AFEB5B0006CAD38;
			productRefGroup = 8554AF8B2AFEB5B0006CAD38 /* Products */;
			projectDirPath = "";
			projectRoot = "";
			targets = (
				8554AF892AFEB5B0006CAD38 /* CS 300 THE2 */,
			);
		};
/* End PBXProject section */

/* Begin PBXSourcesBuildPhase section */
		8554AF862AFEB5B0006CAD38 /* Sources */ = {
			isa = PBXSourcesBuildPhase;
			buildActionMask = 2147483647;
			files = (
				85FCB1892B18EEFF0058B243 /* korhanerdogdu_erdogdu_korhan_hw2.cpp in Sources */,
			);
			runOnlyForDeploymentPostprocessing = 0;
		};
/* End PBXSourcesBuildPhase section */

/* Begin XCBuildConfiguration section */
		8554AF8F2AFEB5B0006CAD38 /* Debug */ = {
			isa = XCBuildConfiguration;
			buildSettings = {
				ALWAYS_SEARCH_USER_PATHS = NO;
				CLANG_ANALYZER_NONNULL = YES;
				CLANG_ANALYZER_NUMBER_OBJECT_CONVERSION = YES_AGGRESSIVE;
				CLANG_CXX_LANGUAGE_STANDARD = "gnu++20";
				CLANG_ENABLE_MODULES = YES;
				CLANG_ENABLE_OBJC_ARC = YES;
				CLANG_ENABLE_OBJC_WEAK = YES;
				CLANG_WARN_BLOCK_CAPTURE_AUTORELEASING = YES;
				CLANG_WARN_BOOL_CONVERSION = YES;
				CLANG_WARN_COMMA = YES;
				CLANG_WARN_CONSTANT_CONVERSION = YES;
				CLANG_WARN_DEPRECATED_OBJC_IMPLEMENTATIONS = YES;
				CLANG_WARN_DIRECT_OBJC_ISA_USAGE = YES_ERROR;
				CLANG_WARN_DOCUMENTATION_COMMENTS = YES;
				CLANG_WARN_EMPTY_BODY = YES;
				CLANG_WARN_ENUM_CONVERSION = YES;
				CLANG_WARN_INFINITE_RECURSION = YES;
				CLANG_WARN_INT_CONVERSION = YES;
				CLANG_WARN_NON_LITERAL_NULL_CONVERSION = YES;
				CLANG_WARN_OBJC_IMPLICIT_RETAIN_SELF = YES;
				CLANG_WARN_OBJC_LITERAL_CONVERSION = YES;
				CLANG_WARN_OBJC_ROOT_CLASS = YES_ERROR;
				CLANG_WARN_QUOTED_INCLUDE_IN_FRAMEWORK_HEADER = YES;
				CLANG_WARN_RANGE_LOOP_ANALYSIS = YES;
				CLANG_WARN_STRICT_PROTOTYPES = YES;
				CLANG_WARN_SUSPICIOUS_MOVE = YES;
				CLANG_WARN_UNGUARDED_AVAILABILITY = YES_AGGRESSIVE;
				CLANG_WARN_UNREACHABLE_CODE = YES;
				CLANG_WARN__DUPLICATE_METHOD_MATCH = YES;
				COPY_PHASE_STRIP = NO;
				DEBUG_INFORMATION_FORMAT = dwarf;
				ENABLE_STRICT_OBJC_MSGSEND = YES;
				ENABLE_TESTABILITY = YES;
				GCC_C_LANGUAGE_STANDARD = gnu11;
				GCC_DYNAMIC_NO_PIC = NO;
				GCC_NO_COMMON_BLOCKS = YES;
				GCC_OPTIMIZATION_LEVEL = 0;
				GCC_PREPROCESSOR_DEFINITIONS = (
					"DEBUG=1",
					"$(inherited)",
				);
				GCC_WARN_64_TO_32_BIT_CONVERSION = YES;
				GCC_WARN_ABOUT_RETURN_TYPE = YES_ERROR;
				GCC_WARN_UNDECLARED_SELECTOR = YES;
				GCC_WARN_UNINITIALIZED_AUTOS = YES_AGGRESSIVE;
				GCC_WARN_UNUSED_FUNCTION = YES;
				GCC_WARN_UNUSED_VARIABLE = YES;
				MACOSX_DEPLOYMENT_TARGET = 13.0;
				MTL_ENABLE_DEBUG_INFO = INCLUDE_SOURCE;
				MTL_FAST_MATH = YES;
				ONLY_ACTIVE_ARCH = YES;
				SDKROOT = macosx;
			};
			name = Debug;
		};
		8554AF902AFEB5B0006CAD38 /* Release */ = {
			isa = XCBuildConfiguration;
			buildSettings = {
				ALWAYS_SEARCH_USER_PATHS = NO;
				CLANG_ANALYZER_NONNULL = YES;
				CLANG_ANALYZER_NUMBER_OBJECT_CONVERSION = YES_AGGRESSIVE;
				CLANG_CXX_LANGUAGE_STANDARD = "gnu++20";
				CLANG_ENABLE_MODULES = YES;
				CLANG_ENABLE_OBJC_ARC = YES;
				CLANG_ENABLE_OBJC_WEAK = YES;
				CLANG_WARN_BLOCK_CAPTURE_AUTORELEASING = YES;
				CLANG_WARN_BOOL_CONVERSION = YES;
				CLANG_WARN_COMMA = YES;
				CLANG_WARN_CONSTANT_CONVERSION = YES;
				CLANG_WARN_DEPRECATED_OBJC_IMPLEMENTATIONS = YES;
				CLANG_WARN_DIRECT_OBJC_ISA_USAGE = YES_ERROR;
				CLANG_WARN_DOCUMENTATION_COMMENTS = YES;
				CLANG_WARN_EMPTY_BODY = YES;
				CLANG_WARN_ENUM_CONVERSION = YES;
				CLANG_WARN_INFINITE_RECURSION = YES;
				CLANG_WARN_INT_CONVERSION = YES;
				CLANG_WARN_NON_LITERAL_NULL_CONVERSION = YES;
				CLANG_WARN_OBJC_IMPLICIT_RETAIN_SELF = YES;
				CLANG_WARN_OBJC_LITERAL_CONVERSION = YES;
				CLANG_WARN_OBJC_ROOT_CLASS = YES_ERROR;
				CLANG_WARN_QUOTED_INCLUDE_IN_FRAMEWORK_HEADER = YES;
				CLANG_WARN_RANGE_LOOP_ANALYSIS = YES;
				CLANG_WARN_STRICT_PROTOTYPES = YES;
				CLANG_WARN_SUSPICIOUS_MOVE = YES;
				CLANG_WARN_UNGUARDED_AVAILABILITY = YES_AGGRESSIVE;
				CLANG_WARN_UNREACHABLE_CODE = YES;
				CLANG_WARN__DUPLICATE_METHOD_MATCH = YES;
				COPY_PHASE_STRIP = NO;
				DEBUG_INFORMATION_FORMAT = "dwarf-with-dsym";
				ENABLE_NS_ASSERTIONS = NO;
				ENABLE_STRICT_OBJC_MSGSEND = YES;
				GCC_C_LANGUAGE_STANDARD = gnu11;
				GCC_NO_COMMON_BLOCKS = YES;
				GCC_WARN_64_TO_32_BIT_CONVERSION = YES;
				GCC_WARN_ABOUT_RETURN_TYPE = YES_ERROR;
				GCC_WARN_UNDECLARED_SELECTOR = YES;
				GCC_WARN_UNINITIALIZED_AUTOS = YES_AGGRESSIVE;
				GCC_WARN_UNUSED_FUNCTION = YES;
				GCC_WARN_UNUSED_VARIABLE = YES;
				MACOSX_DEPLOYMENT_TARGET = 13.0;
				MTL_ENABLE_DEBUG_INFO = NO;
				MTL_FAST_MATH = YES;
				SDKROOT = macosx;
			};
			name = Release;
		};
		8554AF922AFEB5B0006CAD38 /* Debug */ = {
			isa = XCBuildConfiguration;
			buildSettings = {
				CODE_SIGN_STYLE = Automatic;
				PRODUCT_NAME = "$(TARGET_NAME)";
			};
			name = Debug;
		};
		8554AF932AFEB5B0006CAD38 /* Release */ = {
			isa = XCBuildConfiguration;
			buildSettings = {
				CODE_SIGN_STYLE = Automatic;
				PRODUCT_NAME = "$(TARGET_NAME)";
			};
			name = Release;
		};
/* End XCBuildConfiguration section */

/* Begin XCConfigurationList section */
		8554AF852AFEB5B0006CAD38 /* Build configuration list for PBXProject "CS 300 THE2" */ = {
			isa = XCConfigurationList;
			buildConfigurations = (
				8554AF8F2AFEB5B0006CAD38 /* Debug */,
				8554AF902AFEB5B0006CAD38 /* Release */,
			);
			defaultConfigurationIsVisible = 0;
			defaultConfigurationName = Release;
		};
		8554AF912AFEB5B0006CAD38 /* Build configuration list for PBXNativeTarget "CS 300 THE2" */ = {
			isa = XCConfigurationList;
			buildConfigurations = (
				8554AF922AFEB5B0006CAD38 /* Debug */,
				8554AF932AFEB5B0006CAD38 /* Release */,
			);
			defaultConfigurationIsVisible = 0;
			defaultConfigurationName = Release;
		};
/* End XCConfigurationList section */
	};
	rootObject = 8554AF822AFEB5B0006CAD38 /* Project object */;
}
